
Microsoft Visual Studio Solution File, Format Version 12.00
# Visual Studio 2013
VisualStudioVersion = 12.0.21005.1
MinimumVisualStudioVersion = 10.0.40219.1
Project("{FAE04EC0-301F-11D3-BF4B-00C04F79EFBC}") = "OdjfsScraper.SyncDatabaseBackups", "OdjfsScraper.SyncDatabaseBackups\OdjfsScraper.SyncDatabaseBackups.csproj", "{6BA28918-63EA-4A6F-B33E-E9CD5F372963}"
EndProject
Project("{2150E333-8FDC-42A3-9474-1A3956D46DE8}") = ".build", ".build", "{3C671E21-2AAA-4FF2-9A29-822E12992874}"
	ProjectSection(SolutionItems) = preProject
		Build.proj = Build.proj
		.build\MSBuild.Community.Tasks.dll = .build\MSBuild.Community.Tasks.dll
		.build\MSBuild.Community.Tasks.targets = .build\MSBuild.Community.Tasks.targets
	EndProjectSection
EndProject
Project("{2150E333-8FDC-42A3-9474-1A3956D46DE8}") = ".nuget", ".nuget", "{97E3DDB7-F2CB-49B9-9E7A-9F14D9C96409}"
	ProjectSection(SolutionItems) = preProject
		.nuget\NuGet.Config = .nuget\NuGet.Config
		.nuget\NuGet.exe = .nuget\NuGet.exe
		.nuget\NuGet.targets = .nuget\NuGet.targets
	EndProjectSection
EndProject
Global
	GlobalSection(SolutionConfigurationPlatforms) = preSolution
		Debug|Any CPU = Debug|Any CPU
		Release|Any CPU = Release|Any CPU
	EndGlobalSection
	GlobalSection(ProjectConfigurationPlatforms) = postSolution
		{6BA28918-63EA-4A6F-B33E-E9CD5F372963}.Debug|Any CPU.ActiveCfg = Debug|Any CPU
		{6BA28918-63EA-4A6F-B33E-E9CD5F372963}.Debug|Any CPU.Build.0 = Debug|Any CPU
		{6BA28918-63EA-4A6F-B33E-E9CD5F372963}.Release|Any CPU.ActiveCfg = Release|Any CPU
		{6BA28918-63EA-4A6F-B33E-E9CD5F372963}.Release|Any CPU.Build.0 = Release|Any CPU
	EndGlobalSection
	GlobalSection(SolutionProperties) = preSolution
		HideSolutionNode = FALSE
	EndGlobalSection
EndGlobal
